---
lockfileVersion: '9.0'

importers:

  .:
    configDependencies: {}
    packageManagerDependencies:
      '@pnpm/exe':
        specifier: ^11.9.0
        version: 11.25.0
      pnpm:
        specifier: ^11.9.0
        version: 11.25.0

packages:

  '@pnpm/exe@11.25.0':
    resolution: {integrity: sha512-X19R2uC+VAJ4UJQE9c/PCdOXbDaWnZtad7WUrTHBFQuMVaK9MAHbyO/WgahQCuRtTmJkLbxcWKKCk+JeTYFm/g==}
    hasBin: true

  '@pnpm/linux-arm64@11.25.0':
    resolution: {integrity: sha512-ra8akqhzsbcOhKSJ9fFV8H+Oc9uGQAcp/XmIBEdT+8hPPoZCit3+RNCHmg8bLoNvpSLtRvZE0WFCMj7WyzxeBA==}
    cpu: [arm64]
    os: [linux]

  '@pnpm/linux-x64@11.25.0':
    resolution: {integrity: sha512-pQl/L10diKQCbF73viRrtVU8qVWMTudUCSG1uZ+EWBNKtU9Sbxe6Q378diXDb1uTwSgUVMQoypxlC1MTzh7qvQ==}
    cpu: [x64]
    os: [linux]

  '@pnpm/linuxstatic-arm64@11.25.0':
    resolution: {integrity: sha512-cYcrbB/xN1N6/5VUlFuHblb1gNyJgZv1CF5Pk1T0sHJxQMY4DFJV3OqHVAgahxyUfSTaQcVLvH1H2JFvd/+sgw==}
    cpu: [arm64]
    os: [linux]
    libc: [musl]

  '@pnpm/linuxstatic-x64@11.25.0':
    resolution: {integrity: sha512-HXDtaeQod16DDMUUcVLIMxvEc1jKn7IYsNPwbwAPs/Je/d3umRPJi3Ejjdn6e9qpXN6Oon+yvSsJr7B9oDt6KA==}
    cpu: [x64]
    os: [linux]
    libc: [musl]

  '@pnpm/macos-arm64@11.25.0':
    resolution: {integrity: sha512-m/eAgEqKhiSexGxWPHNXNnSRI0hudymg6K7LbrU2EoDs9IgJ28OKEz9mGxMzhkYBweEquR4k5teMNes/aToy9w==}
    cpu: [arm64]
    os: [darwin]

  '@pnpm/win-arm64@11.25.0':
    resolution: {integrity: sha512-oAeECbtZ+eJziaBmPUkwJM8Dx7KVQ5FO367AXTjD2HGfB5ob1Bcu5hoUF5RBTgDBiP9fRQ1u13uAEpqar/6NLA==}
    cpu: [arm64]
    os: [win32]

  '@pnpm/win-x64@11.25.0':
    resolution: {integrity: sha512-8/n+wCc0a8TRYTMFqti93Vh0cscdJ25xfMyYSDdXrLUh2ccxSFuS+SE7cNPjd/nOXoFAJvdW0kwfbyRPLa16/w==}
    cpu: [x64]
    os: [win32]

  '@reflink/reflink-darwin-arm64@0.1.19':
    resolution: {integrity: sha512-ruy44Lpepdk1FqDz38vExBY/PVUsjxZA+chd9wozjUH9JjuDT/HEaQYA6wYN9mf041l0yLVar6BCZuWABJvHSA==}
    engines: {node: '>= 10'}
    cpu: [arm64]
    os: [darwin]

  '@reflink/reflink-darwin-x64@0.1.19':
    resolution: {integrity: sha512-By85MSWrMZa+c26TcnAy8SDk0sTUkYlNnwknSchkhHpGXOtjNDUOxJE9oByBnGbeuIE1PiQsxDG3Ud+IVV9yuA==}
    engines: {node: '>= 10'}
    cpu: [x64]
    os: [darwin]

  '@reflink/reflink-linux-arm64-gnu@0.1.19':
    resolution: {integrity: sha512-7P+er8+rP9iNeN+bfmccM4hTAaLP6PQJPKWSA4iSk2bNvo6KU6RyPgYeHxXmzNKzPVRcypZQTpFgstHam6maVg==}
    engines: {node: '>= 10'}
    cpu: [arm64]
    os: [linux]
    libc: [glibc]

  '@reflink/reflink-linux-arm64-musl@0.1.19':
    resolution: {integrity: sha512-37iO/Dp6m5DDaC2sf3zPtx/hl9FV3Xze4xoYidrxxS9bgP3S8ALroxRK6xBG/1TtfXKTvolvp+IjrUU6ujIGmA==}
    engines: {node: '>= 10'}
    cpu: [arm64]
    os: [linux]
    libc: [musl]

  '@reflink/reflink-linux-x64-gnu@0.1.19':
    resolution: {integrity: sha512-jbI8jvuYCaA3MVUdu8vLoLAFqC+iNMpiSuLbxlAgg7x3K5bsS8nOpTRnkLF7vISJ+rVR8W+7ThXlXlUQ93ulkw==}
    engines: {node: '>= 10'}
    cpu: [x64]
    os: [linux]
    libc: [glibc]

  '@reflink/reflink-linux-x64-musl@0.1.19':
    resolution: {integrity: sha512-e9FBWDe+lv7QKAwtKOt6A2W/fyy/aEEfr0g6j/hWzvQcrzHCsz07BNQYlNOjTfeytrtLU7k449H1PI95jA4OjQ==}
    engines: {node: '>= 10'}
    cpu: [x64]
    os: [linux]
    libc: [musl]

  '@reflink/reflink-win32-arm64-msvc@0.1.19':
    resolution: {integrity: sha512-09PxnVIQcd+UOn4WAW73WU6PXL7DwGS6wPlkMhMg2zlHHG65F3vHepOw06HFCq+N42qkaNAc8AKIabWvtk6cIQ==}
    engines: {node: '>= 10'}
    cpu: [arm64]
    os: [win32]

  '@reflink/reflink-win32-x64-msvc@0.1.19':
    resolution: {integrity: sha512-E//yT4ni2SyhwP8JRjVGWr3cbnhWDiPLgnQ66qqaanjjnMiu3O/2tjCPQXlcGc/DEYofpDc9fvhv6tALQsMV9w==}
    engines: {node: '>= 10'}
    cpu: [x64]
    os: [win32]

  '@reflink/reflink@0.1.19':
    resolution: {integrity: sha512-DmCG8GzysnCZ15bres3N5AHCmwBwYgp0As6xjhQ47rAUTUXxJiK+lLUxaGsX3hd/30qUpVElh05PbGuxRPgJwA==}
    engines: {node: '>= 10'}

  detect-libc@2.1.2:
    resolution: {integrity: sha512-Btj2BOOO83o3WyH59e8MgXsxEQVcarkUOpEYrubB0urwnN10yQ364rsiByU11nZlqWYZm05i/of7io4mzihBtQ==}
    engines: {node: '>=8'}

  pnpm@11.25.0:
    resolution: {integrity: sha512-XN6SW08HX3Jetx+64YpC/+eEUkeJ8ZthxzHLhyHsKKruFg4BqNWvT+2ypCzb8wDv4j2zVrDUoXtNY+EfirfJVg==}
    engines: {node: '>=22.13'}
    hasBin: true

snapshots:

  '@pnpm/exe@11.25.0':
    dependencies:
      '@reflink/reflink': 0.1.19
      detect-libc: 2.1.2
    optionalDependencies:
      '@pnpm/linux-arm64': 11.25.0
      '@pnpm/linux-x64': 11.25.0
      '@pnpm/linuxstatic-arm64': 11.25.0
      '@pnpm/linuxstatic-x64': 11.25.0
      '@pnpm/macos-arm64': 11.25.0
      '@pnpm/win-arm64': 11.25.0
      '@pnpm/win-x64': 11.25.0

  '@pnpm/linux-arm64@11.25.0':
    optional: true

  '@pnpm/linux-x64@11.25.0':
    optional: true

  '@pnpm/linuxstatic-arm64@11.25.0':
    optional: true

  '@pnpm/linuxstatic-x64@11.25.0':
    optional: true

  '@pnpm/macos-arm64@11.25.0':
    optional: true

  '@pnpm/win-arm64@11.25.0':
    optional: true

  '@pnpm/win-x64@11.25.0':
    optional: true

  '@reflink/reflink-darwin-arm64@0.1.19':
    optional: true

  '@reflink/reflink-darwin-x64@0.1.19':
    optional: true

  '@reflink/reflink-linux-arm64-gnu@0.1.19':
    optional: true

  '@reflink/reflink-linux-arm64-musl@0.1.19':
    optional: true

  '@reflink/reflink-linux-x64-gnu@0.1.19':
    optional: true

  '@reflink/reflink-linux-x64-musl@0.1.19':
    optional: true

  '@reflink/reflink-win32-arm64-msvc@0.1.19':
    optional: true

  '@reflink/reflink-win32-x64-msvc@0.1.19':
    optional: true

  '@reflink/reflink@0.1.19':
    optionalDependencies:
      '@reflink/reflink-darwin-arm64': 0.1.19
      '@reflink/reflink-darwin-x64': 0.1.19
      '@reflink/reflink-linux-arm64-gnu': 0.1.19
      '@reflink/reflink-linux-arm64-musl': 0.1.19
      '@reflink/reflink-linux-x64-gnu': 0.1.19
      '@reflink/reflink-linux-x64-musl': 0.1.19
      '@reflink/reflink-win32-arm64-msvc': 0.1.19
      '@reflink/reflink-win32-x64-msvc': 0.1.19

  detect-libc@2.1.2: {}

  pnpm@11.25.0: {}

---
lockfileVersion: '9.0'

settings:
  autoInstallPeers: true
  excludeLinksFromLockfile: false

importers:

  .:
    dependencies:
      better-auth:
        specifier: ^1.7.2
        version: 1.7.2(drizzle-orm@0.45.2(kysely@0.29.5))
      drizzle-orm:
        specifier: ^0.45.2
        version: 0.45.2(kysely@0.29.5)
      pf:
        specifier: ^0.0.7
        version: 0.0.7
      zod:
        specifier: ^4.5.4
        version: 4.5.4

packages:

  '@better-auth/core@1.7.2':
    resolution: {integrity: sha512-j0nM4ygsWbF/fcYRoKtDn8gn8uLXkmC+075HqSqsJEAV828cJR9bvYBCUQ1zmxNyRBk6Iz/qXsA0Zm2oksiOTg==}
    peerDependencies:
      '@better-auth/utils': 0.4.2
      '@better-fetch/fetch': 1.3.1
      '@cloudflare/workers-types': '>=4'
      '@opentelemetry/api': ^1.9.0
      better-call: 1.4.0
      jose: ^6.1.0
      kysely: ^0.28.5 || ^0.29.0
      nanostores: ^1.0.1
    peerDependenciesMeta:
      '@cloudflare/workers-types':
        optional: true
      '@opentelemetry/api':
        optional: true

  '@better-auth/drizzle-adapter@1.7.2':
    resolution: {integrity: sha512-A5wE10PIv3aS5LGePecEHntQylKy6OOF17B4dqlE0DwJeqU/IOBSd7/LZhMop9cNJ3WFjKMpazVSf91yYM/NFg==}
    peerDependencies:
      '@better-auth/core': ^1.7.2
      '@better-auth/utils': 0.4.2
      drizzle-orm: ^0.45.2 || >=1.0.0-rc.1 <2.0.0
    peerDependenciesMeta:
      drizzle-orm:
        optional: true

  '@better-auth/kysely-adapter@1.7.2':
    resolution: {integrity: sha512-LYdSRLOvZiF+6S0UThu+wE/Qxsq9P2jQs7ZKkY6BIBJqUjYyxVDmi8HFcantBvWWW1/BeQCSsD7YVDG4gICMIQ==}
    peerDependencies:
      '@better-auth/core': ^1.7.2
      '@better-auth/utils': 0.4.2
      kysely: ^0.28.17 || ^0.29.0
    peerDependenciesMeta:
      kysely:
        optional: true

  '@better-auth/memory-adapter@1.7.2':
    resolution: {integrity: sha512-0q1SXMzm5esH9L0xVuM6IxCk59E4G+3HySX4My9gvEwqtmUobykn+iuc/si3Y4xwUO7JODqQ5o+/pPcLDDMIrA==}
    peerDependencies:
      '@better-auth/core': ^1.7.2
      '@better-auth/utils': 0.4.2

  '@better-auth/mongo-adapter@1.7.2':
    resolution: {integrity: sha512-4879SmUWHUs0OYlvHoCFbycZ7i1bqytkcgAUdt9RLQMvZ5H3LRMTgax2YVlGZEXgwNjY/X7xAoXOecWLhlQWeA==}
    peerDependencies:
      '@better-auth/core': ^1.7.2
      '@better-auth/utils': 0.4.2
      mongodb: ^6.0.0 || ^7.0.0
    peerDependenciesMeta:
      mongodb:
        optional: true

  '@better-auth/prisma-adapter@1.7.2':
    resolution: {integrity: sha512-mXTr/83WrNWLrvzIjtgDgdu9iXhOcSG1+qBQOAKlbGSFiOB+z4IMRneQ2wmMOiB8mKY9qGkClVUjKRFXqtHnFQ==}
    peerDependencies:
      '@better-auth/core': ^1.7.2
      '@better-auth/utils': 0.4.2
      '@prisma/client': ^5.0.0 || ^6.0.0 || ^7.0.0
      prisma: ^5.0.0 || ^6.0.0 || ^7.0.0
    peerDependenciesMeta:
      '@prisma/client':
        optional: true
      prisma:
        optional: true

  '@better-auth/telemetry@1.7.2':
    resolution: {integrity: sha512-LcWu+O0zrxYDQj8E36vfkJwGPW4k9ZDA/rCo0zST6ihzL+juR7pBowoZIM9E6tK0Vit52mf6412bGT4XM4eTjQ==}
    peerDependencies:
      '@better-auth/core': ^1.7.2
      '@better-auth/utils': 0.4.2
      '@better-fetch/fetch': 1.3.1

  '@better-auth/utils@0.4.2':
    resolution: {integrity: sha512-AUxrvu+HaaODsUyzDxFgwd/8RZ1yZaYo42LXKSrU2oGgR38pS1ij8nqQKNgtTWoYGpNevNXtCfgTy6loHveW9A==}

  '@better-auth/utils@0.5.0':
    resolution: {integrity: sha512-BL8W4EfIZFwlu0r54m3v1ztjDhu6dDe/amLTm0xybmbZaNgYUqhD3SjpAsnq0q8YD6/ki4iwIgxJNLP/N3TxiA==}

  '@better-fetch/fetch@1.3.1':
    resolution: {integrity: sha512-ABkD1WhyfPZprKRQI3bhATjeiFuNWC9PXhfGWqL+sg/gKrM977oFrYkdb4msM3hgUGonr7KlOsOFT5TU2rht9g==}

  '@noble/ciphers@2.4.0':
    resolution: {integrity: sha512-AnjFn0Jv92laAkvMrghlFZq4qQCIN/4DxFV/eooqtC2YTjB7kBeLMS2T9KJX4Dn+ZVXLOwK0lSgqDtx9gvxtiw==}
    engines: {node: '>= 20.19.0'}

  '@noble/hashes@2.4.0':
    resolution: {integrity: sha512-X5XaVWZIBCT7HHZGm5I7ZQXDwLG+bGXuSrMQAW+7Zvl87h1kmc1ZB1VSRJcpUfoUrGQp4Fkoxm5kZ+Ms+aW+eA==}
    engines: {node: '>= 20.19.0'}

  '@opentelemetry/semantic-conventions@1.43.0':
    resolution: {integrity: sha512-eSYWTm620tTk45EKSedaUL8MFYI8hW164hIXsgIHyxu3VobUB3fFCu5t0hQby6OoWRPsG1KkKUG2M5UadiLiVg==}
    engines: {node: '>=14'}

  '@standard-schema/spec@1.1.0':
    resolution: {integrity: sha512-l2aFy5jALhniG5HgqrD6jXLi/rUWrKvqN/qJx6yoJsgKhblVd+iqqU4RCXavm/jPityDo5TCvKMnpjKnOriy0w==}

  ajv@8.20.0:
    resolution: {integrity: sha512-Thbli+OlOj+iMPYFBVBfJ3OmCAnaSyNn4M1vz9T6Gka5Jt9ba/HIR56joy65tY6kx/FCF5VXNB819Y7/GUrBGA==}

  ansi-regex@5.0.1:
    resolution: {integrity: sha512-quJQXlTSUGL2LH9SUXo8VwsY4soanhgo6LNSm84E1LBcE8s3O0wpdiRzyR9z/ZZJMlMWv37qOOb9pdJlMUEKFQ==}
    engines: {node: '>=8'}

  ansi-styles@4.3.0:
    resolution: {integrity: sha512-zbB9rCJAT1rbjiVDb2hqKFHNYLxgtk8NURxZ3IZwD3F6NtxbXZQCnnSi1Lkx+IDohdPlFp222wVALIheZJQSEg==}
    engines: {node: '>=8'}

  astral-regex@2.0.0:
    resolution: {integrity: sha512-Z7tMw1ytTXt5jqMcOP+OQteU1VuNK9Y02uuJtKQ1Sv69jXQKKg5cibLwGJow8yzZP+eAc18EmLGPal0bp36rvQ==}
    engines: {node: '>=8'}

  better-auth@1.7.2:
    resolution: {integrity: sha512-gKapKBEvYIGcMxi74RjQ7EbFLiqyQt58vdoJmL1qAlWSkY1Bc2Vqshl524/3u1NxauiOU03M/Ebh762Brmac9A==}
    peerDependencies:
      '@lynx-js/react': '*'
      '@prisma/client': ^5.0.0 || ^6.0.0 || ^7.0.0
      '@sveltejs/kit': ^2.0.0
      '@tanstack/react-start': ^1.0.0
      '@tanstack/solid-start': ^1.0.0
      better-sqlite3: ^12.0.0
      drizzle-kit: '>=0.31.4 || >=1.0.0-beta.1'
      drizzle-orm: ^0.45.2 || >=1.0.0-rc.1 <2.0.0
      mongodb: ^6.0.0 || ^7.0.0
      mysql2: ^3.0.0
      next: ^14.0.0 || ^15.0.0 || ^16.0.0
      pg: ^8.0.0
      prisma: ^5.0.0 || ^6.0.0 || ^7.0.0
      react: ^18.0.0 || ^19.0.0
      react-dom: ^18.0.0 || ^19.0.0
      solid-js: ^1.0.0
      svelte: ^4.0.0 || ^5.0.0
      vitest: ^2.0.0 || ^3.0.0 || ^4.0.0
      vue: ^3.0.0
    peerDependenciesMeta:
      '@lynx-js/react':
        optional: true
      '@prisma/client':
        optional: true
      '@sveltejs/kit':
        optional: true
      '@tanstack/react-start':
        optional: true
      '@tanstack/solid-start':
        optional: true
      better-sqlite3:
        optional: true
      drizzle-kit:
        optional: true
      drizzle-orm:
        optional: true
      mongodb:
        optional: true
      mysql2:
        optional: true
      next:
        optional: true
      pg:
        optional: true
      prisma:
        optional: true
      react:
        optional: true
      react-dom:
        optional: true
      solid-js:
        optional: true
      svelte:
        optional: true
      vitest:
        optional: true
      vue:
        optional: true

  better-call@1.4.0:
    resolution: {integrity: sha512-bBKOT4vv1kZLDgxVePdilk/Jwkn+dtRRsmi3DzHcDP+WnswyVl6dR59l2HEeP/0cB+bDoopASAesWDPIdd/zZA==}
    peerDependencies:
      zod: ^4.0.0
    peerDependenciesMeta:
      zod:
        optional: true

  color-convert@2.0.1:
    resolution: {integrity: sha512-RRECPsj7iu/xb5oKYcsFHSppFNnsj/52OVTRKb4zP5onXwVF3zVmmToNcOfGC+CRDpfK/U584fMg38ZHCaElKQ==}
    engines: {node: '>=7.0.0'}

  color-name@1.1.4:
    resolution: {integrity: sha512-dOy+3AuW3a2wNbZHIuMZpTcgjGuLU/uBL/ubcZF9OXbDo8ff4O8yVp5Bf0efS8uEoYo5q4Fx7dY9OgQGXgAsQA==}

  date-fns@4.4.0:
    resolution: {integrity: sha512-+1UMbeh68lH1SegH83CGWwpb6OHHbpSgr3+s5Eww5M4CAgswBpoWS0AjTOfEJ33HiYKz1hdj/KTFprzXHmq/6w==}

  defu@6.1.7:
    resolution: {integrity: sha512-7z22QmUWiQ/2d0KkdYmANbRUVABpZ9SNYyH5vx6PZ+nE5bcC0l7uFvEfHlyld/HcGBFTL536ClDt3DEcSlEJAQ==}

  drizzle-orm@0.45.2:
    resolution: {integrity: sha512-kY0BSaTNYWnoDMVoyY8uxmyHjpJW1geOmBMdSSicKo9CIIWkSxMIj2rkeSR51b8KAPB7m+qysjuHme5nKP+E5Q==}
    peerDependencies:
      '@aws-sdk/client-rds-data': '>=3'
      '@cloudflare/workers-types': '>=4'
      '@electric-sql/pglite': '>=0.2.0'
      '@libsql/client': '>=0.10.0'
      '@libsql/client-wasm': '>=0.10.0'
      '@neondatabase/serverless': '>=0.10.0'
      '@op-engineering/op-sqlite': '>=2'
      '@opentelemetry/api': ^1.4.1
      '@planetscale/database': '>=1.13'
      '@prisma/client': '*'
      '@tidbcloud/serverless': '*'
      '@types/better-sqlite3': '*'
      '@types/pg': '*'
      '@types/sql.js': '*'
      '@upstash/redis': '>=1.34.7'
      '@vercel/postgres': '>=0.8.0'
      '@xata.io/client': '*'
      better-sqlite3: '>=7'
      bun-types: '*'
      expo-sqlite: '>=14.0.0'
      gel: '>=2'
      knex: '*'
      kysely: '*'
      mysql2: '>=2'
      pg: '>=8'
      postgres: '>=3'
      prisma: '*'
      sql.js: '>=1'
      sqlite3: '>=5'
    peerDependenciesMeta:
      '@aws-sdk/client-rds-data':
        optional: true
      '@cloudflare/workers-types':
        optional: true
      '@electric-sql/pglite':
        optional: true
      '@libsql/client':
        optional: true
      '@libsql/client-wasm':
        optional: true
      '@neondatabase/serverless':
        optional: true
      '@op-engineering/op-sqlite':
        optional: true
      '@opentelemetry/api':
        optional: true
      '@planetscale/database':
        optional: true
      '@prisma/client':
        optional: true
      '@tidbcloud/serverless':
        optional: true
      '@types/better-sqlite3':
        optional: true
      '@types/pg':
        optional: true
      '@types/sql.js':
        optional: true
      '@upstash/redis':
        optional: true
      '@vercel/postgres':
        optional: true
      '@xata.io/client':
        optional: true
      better-sqlite3:
        optional: true
      bun-types:
        optional: true
      expo-sqlite:
        optional: true
      gel:
        optional: true
      knex:
        optional: true
      kysely:
        optional: true
      mysql2:
        optional: true
      pg:
        optional: true
      postgres:
        optional: true
      prisma:
        optional: true
      sql.js:
        optional: true
      sqlite3:
        optional: true

  emoji-regex@8.0.0:
    resolution: {integrity: sha512-MSjYzcWNOA0ewAHpz0MxpYFvwg6yjy1NG3xteoqz644VCo/RPgnr1/GGt+ic3iJTzQ8Eu3TdM14SawnVUmGE6A==}

  fast-deep-equal@3.1.3:
    resolution: {integrity: sha512-f3qQ9oQy9j2AhBe/H9VC91wLmKBCCU/gDOnKNAYG5hswO7BLKj09Hc5HYNz9cGI++xlpDCIgDaitVs03ATR84Q==}

  fast-uri@3.1.7:
    resolution: {integrity: sha512-dOvZVzjdZdz7phd9v6jCbwxrBW3fK6n8Rc0CtdmM4bumzMnxywBYhuph6J819RRw/ku+rLbelwfMunktuzVVHg==}

  is-fullwidth-code-point@3.0.0:
    resolution: {integrity: sha512-zymm5+u+sCsSWyD9qNaejV3DFvhCKclKdizYaJUuHA83RLjb7nSuGnddCHGv0hk+KY7BMAlsWeK4Ueg6EV6XQg==}
    engines: {node: '>=8'}

  jose@6.2.10:
    resolution: {integrity: sha512-iiW7J9qRFlGxvCOIBDBDxFePQSn7ZMAnrYGhrrOo6siO/MIqwfyilLR27pkfDgUk+raLuzADS8A3S/KLBisc0g==}

  json-schema-traverse@1.0.0:
    resolution: {integrity: sha512-NM8/P9n3XjXhIZn1lLhkFaACTOURQXjWhV4BA/RnOv8xvgqtqpAX9IO4mRQxSx1Rlo4tqzeqb0sOlruaOy3dug==}

  kysely@0.29.5:
    resolution: {integrity: sha512-ooa+eSbBNPTo3MycPEuW5jdrxQdQwdtB3LC3h43FiXQbIry5tR0C5lDG7eealK0E4D7XjrnOP5DIUg/LyjRMYQ==}
    engines: {node: '>=22.0.0'}

  lodash.truncate@4.4.2:
    resolution: {integrity: sha512-jttmRe7bRse52OsWIMDLaXxWqRAmtIUccAQ3garviCqJjafXOfNMO0yMfNpdD6zbGaTU0P5Nz7e7gAT6cKmJRw==}

  nanostores@1.5.3:
    resolution: {integrity: sha512-rQLB6eV4f2AW/n3L0JmwCROpaisYy9EDEADvEFSd1C/qG8hB6O5TPlh9A791JRbJr4CnMQBzptDcvD9OR1+6WA==}
    engines: {node: ^20.0.0 || >=22.0.0}

  pf@0.0.7:
    resolution: {integrity: sha512-diM836K6siwwz7IGk48HvpSGBKwuJOxICpuDqYLRyv/faX2uH9vgL677oO1HtWT1AfiuO7YLpUEZYYS7E8MPNg==}
    engines: {node: '>=24'}
    hasBin: true

  picocolors@1.1.1:
    resolution: {integrity: sha512-xceH2snhtb5M9liqDsmEw56le376mTZkEX/jEb/RxNFyegNul7eNslCXP9FDj/Lcu0X8KEyMceP2ntpaHrDEVA==}

  require-from-string@2.0.2:
    resolution: {integrity: sha512-Xf0nWe6RseziFMu+Ap9biiUbmplq6S9/p+7w7YXP/JBHhrUDDUhwa+vANyubuqfZWTveU//DYVGsDG7RKL/vEw==}
    engines: {node: '>=0.10.0'}

  rou3@0.9.2:
    resolution: {integrity: sha512-3SOzvaAg8rkHrXtRjpCvCvbyO5to9oOO27Z/XqHEYXfMRVSw/qMIVdmaOk9W2lcRLtR6dlqTjo9hDeJk70QBYQ==}

  set-cookie-parser@3.1.2:
    resolution: {integrity: sha512-5/r/lTwbJ3zQ+qwdUFZYeRNqda7P5HD8zQKqlSjdGt1/S0cjLAphHusj4Y58ahDtWn/g32xrIS58/ikOvwl0Lw==}

  slice-ansi@4.0.0:
    resolution: {integrity: sha512-qMCMfhY040cVHT43K9BFygqYbUPFZKHOg7K73mtTWJRb8pyP3fzf4Ixd5SzdEJQ6MRUg/WBnOLxghZtKKurENQ==}
    engines: {node: '>=10'}

  smol-toml@1.8.0:
    resolution: {integrity: sha512-kCZr2V3ch9i00x8zXRhjUNVcjG9ijES5dDudkXvUVCT5QlJNQWElSJdZqyPemffHoLNUYwOcou0Fy+ojN0uHSQ==}
    engines: {node: '>= 18'}

  string-width@4.2.3:
    resolution: {integrity: sha512-wKyQRQpjJ0sIp62ErSZdGsjMJWsap5oRNihHhu6G7JVO/9jIB6UyevL+tXuOqrng8j/cxKTWyWUwvSTriiZz/g==}
    engines: {node: '>=8'}

  strip-ansi@6.0.1:
    resolution: {integrity: sha512-Y38VPSHcqkFrCpFnQ9vuSXmquuv5oXOKpGeT6aGrr3o3Gc9AlVa6JBfUSOCnbxGGZF+/0ooI7KrPuUSztUdU5A==}
    engines: {node: '>=8'}

  table@6.9.0:
    resolution: {integrity: sha512-9kY+CygyYM6j02t5YFHbNz2FN5QmYGv9zAjVp4lCDjlCw7amdckXlEt/bjMhUIfj4ThGRE4gCUH5+yGnNuPo5A==}
    engines: {node: '>=10.0.0'}

  zod@4.5.4:
    resolution: {integrity: sha512-sC95tT5iHHH9gtpj6A81kh+NEaRAUFN+qlUPDUbRfOMvNf5QCBqsb3WgvnpVtK5Y+4UfA6KqufotuTvMGiTlsA==}

snapshots:

  '@better-auth/core@1.7.2(@better-auth/utils@0.4.2)(@better-fetch/fetch@1.3.1)(better-call@1.4.0(zod@4.5.4))(jose@6.2.10)(kysely@0.29.5)(nanostores@1.5.3)':
    dependencies:
      '@better-auth/utils': 0.4.2
      '@better-fetch/fetch': 1.3.1
      '@opentelemetry/semantic-conventions': 1.43.0
      '@standard-schema/spec': 1.1.0
      better-call: 1.4.0(zod@4.5.4)
      jose: 6.2.10
      kysely: 0.29.5
      nanostores: 1.5.3
      zod: 4.5.4

  '@better-auth/drizzle-adapter@1.7.2(@better-auth/core@1.7.2(@better-auth/utils@0.4.2)(@better-fetch/fetch@1.3.1)(better-call@1.4.0(zod@4.5.4))(jose@6.2.10)(kysely@0.29.5)(nanostores@1.5.3))(@better-auth/utils@0.4.2)(drizzle-orm@0.45.2(kysely@0.29.5))':
    dependencies:
      '@better-auth/core': 1.7.2(@better-auth/utils@0.4.2)(@better-fetch/fetch@1.3.1)(better-call@1.4.0(zod@4.5.4))(jose@6.2.10)(kysely@0.29.5)(nanostores@1.5.3)
      '@better-auth/utils': 0.4.2
    optionalDependencies:
      drizzle-orm: 0.45.2(kysely@0.29.5)

  '@better-auth/kysely-adapter@1.7.2(@better-auth/core@1.7.2(@better-auth/utils@0.4.2)(@better-fetch/fetch@1.3.1)(better-call@1.4.0(zod@4.5.4))(jose@6.2.10)(kysely@0.29.5)(nanostores@1.5.3))(@better-auth/utils@0.4.2)(kysely@0.29.5)':
    dependencies:
      '@better-auth/core': 1.7.2(@better-auth/utils@0.4.2)(@better-fetch/fetch@1.3.1)(better-call@1.4.0(zod@4.5.4))(jose@6.2.10)(kysely@0.29.5)(nanostores@1.5.3)
      '@better-auth/utils': 0.4.2
    optionalDependencies:
      kysely: 0.29.5

  '@better-auth/memory-adapter@1.7.2(@better-auth/core@1.7.2(@better-auth/utils@0.4.2)(@better-fetch/fetch@1.3.1)(better-call@1.4.0(zod@4.5.4))(jose@6.2.10)(kysely@0.29.5)(nanostores@1.5.3))(@better-auth/utils@0.4.2)':
    dependencies:
      '@better-auth/core': 1.7.2(@better-auth/utils@0.4.2)(@better-fetch/fetch@1.3.1)(better-call@1.4.0(zod@4.5.4))(jose@6.2.10)(kysely@0.29.5)(nanostores@1.5.3)
      '@better-auth/utils': 0.4.2

  '@better-auth/mongo-adapter@1.7.2(@better-auth/core@1.7.2(@better-auth/utils@0.4.2)(@better-fetch/fetch@1.3.1)(better-call@1.4.0(zod@4.5.4))(jose@6.2.10)(kysely@0.29.5)(nanostores@1.5.3))(@better-auth/utils@0.4.2)':
    dependencies:
      '@better-auth/core': 1.7.2(@better-auth/utils@0.4.2)(@better-fetch/fetch@1.3.1)(better-call@1.4.0(zod@4.5.4))(jose@6.2.10)(kysely@0.29.5)(nanostores@1.5.3)
      '@better-auth/utils': 0.4.2

  '@better-auth/prisma-adapter@1.7.2(@better-auth/core@1.7.2(@better-auth/utils@0.4.2)(@better-fetch/fetch@1.3.1)(better-call@1.4.0(zod@4.5.4))(jose@6.2.10)(kysely@0.29.5)(nanostores@1.5.3))(@better-auth/utils@0.4.2)':
    dependencies:
      '@better-auth/core': 1.7.2(@better-auth/utils@0.4.2)(@better-fetch/fetch@1.3.1)(better-call@1.4.0(zod@4.5.4))(jose@6.2.10)(kysely@0.29.5)(nanostores@1.5.3)
      '@better-auth/utils': 0.4.2

  '@better-auth/telemetry@1.7.2(@better-auth/core@1.7.2(@better-auth/utils@0.4.2)(@better-fetch/fetch@1.3.1)(better-call@1.4.0(zod@4.5.4))(jose@6.2.10)(kysely@0.29.5)(nanostores@1.5.3))(@better-auth/utils@0.4.2)(@better-fetch/fetch@1.3.1)':
    dependencies:
      '@better-auth/core': 1.7.2(@better-auth/utils@0.4.2)(@better-fetch/fetch@1.3.1)(better-call@1.4.0(zod@4.5.4))(jose@6.2.10)(kysely@0.29.5)(nanostores@1.5.3)
      '@better-auth/utils': 0.4.2
      '@better-fetch/fetch': 1.3.1

  '@better-auth/utils@0.4.2':
    dependencies:
      '@noble/hashes': 2.4.0

  '@better-auth/utils@0.5.0':
    dependencies:
      '@noble/hashes': 2.4.0

  '@better-fetch/fetch@1.3.1': {}

  '@noble/ciphers@2.4.0': {}

  '@noble/hashes@2.4.0': {}

  '@opentelemetry/semantic-conventions@1.43.0': {}

  '@standard-schema/spec@1.1.0': {}

  ajv@8.20.0:
    dependencies:
      fast-deep-equal: 3.1.3
      fast-uri: 3.1.7
      json-schema-traverse: 1.0.0
      require-from-string: 2.0.2

  ansi-regex@5.0.1: {}

  ansi-styles@4.3.0:
    dependencies:
      color-convert: 2.0.1

  astral-regex@2.0.0: {}

  better-auth@1.7.2(drizzle-orm@0.45.2(kysely@0.29.5)):
    dependencies:
      '@better-auth/core': 1.7.2(@better-auth/utils@0.4.2)(@better-fetch/fetch@1.3.1)(better-call@1.4.0(zod@4.5.4))(jose@6.2.10)(kysely@0.29.5)(nanostores@1.5.3)
      '@better-auth/drizzle-adapter': 1.7.2(@better-auth/core@1.7.2(@better-auth/utils@0.4.2)(@better-fetch/fetch@1.3.1)(better-call@1.4.0(zod@4.5.4))(jose@6.2.10)(kysely@0.29.5)(nanostores@1.5.3))(@better-auth/utils@0.4.2)(drizzle-orm@0.45.2(kysely@0.29.5))
      '@better-auth/kysely-adapter': 1.7.2(@better-auth/core@1.7.2(@better-auth/utils@0.4.2)(@better-fetch/fetch@1.3.1)(better-call@1.4.0(zod@4.5.4))(jose@6.2.10)(kysely@0.29.5)(nanostores@1.5.3))(@better-auth/utils@0.4.2)(kysely@0.29.5)
      '@better-auth/memory-adapter': 1.7.2(@better-auth/core@1.7.2(@better-auth/utils@0.4.2)(@better-fetch/fetch@1.3.1)(better-call@1.4.0(zod@4.5.4))(jose@6.2.10)(kysely@0.29.5)(nanostores@1.5.3))(@better-auth/utils@0.4.2)
      '@better-auth/mongo-adapter': 1.7.2(@better-auth/core@1.7.2(@better-auth/utils@0.4.2)(@better-fetch/fetch@1.3.1)(better-call@1.4.0(zod@4.5.4))(jose@6.2.10)(kysely@0.29.5)(nanostores@1.5.3))(@better-auth/utils@0.4.2)
      '@better-auth/prisma-adapter': 1.7.2(@better-auth/core@1.7.2(@better-auth/utils@0.4.2)(@better-fetch/fetch@1.3.1)(better-call@1.4.0(zod@4.5.4))(jose@6.2.10)(kysely@0.29.5)(nanostores@1.5.3))(@better-auth/utils@0.4.2)
      '@better-auth/telemetry': 1.7.2(@better-auth/core@1.7.2(@better-auth/utils@0.4.2)(@better-fetch/fetch@1.3.1)(better-call@1.4.0(zod@4.5.4))(jose@6.2.10)(kysely@0.29.5)(nanostores@1.5.3))(@better-auth/utils@0.4.2)(@better-fetch/fetch@1.3.1)
      '@better-auth/utils': 0.4.2
      '@better-fetch/fetch': 1.3.1
      '@noble/ciphers': 2.4.0
      '@noble/hashes': 2.4.0
      better-call: 1.4.0(zod@4.5.4)
      defu: 6.1.7
      jose: 6.2.10
      kysely: 0.29.5
      nanostores: 1.5.3
      zod: 4.5.4
    optionalDependencies:
      drizzle-orm: 0.45.2(kysely@0.29.5)
    transitivePeerDependencies:
      - '@cloudflare/workers-types'
      - '@opentelemetry/api'

  better-call@1.4.0(zod@4.5.4):
    dependencies:
      '@better-auth/utils': 0.5.0
      '@better-fetch/fetch': 1.3.1
      rou3: 0.9.2
      set-cookie-parser: 3.1.2
    optionalDependencies:
      zod: 4.5.4

  color-convert@2.0.1:
    dependencies:
      color-name: 1.1.4

  color-name@1.1.4: {}

  date-fns@4.4.0: {}

  defu@6.1.7: {}

  drizzle-orm@0.45.2(kysely@0.29.5):
    optionalDependencies:
      kysely: 0.29.5

  emoji-regex@8.0.0: {}

  fast-deep-equal@3.1.3: {}

  fast-uri@3.1.7: {}

  is-fullwidth-code-point@3.0.0: {}

  jose@6.2.10: {}

  json-schema-traverse@1.0.0: {}

  kysely@0.29.5: {}

  lodash.truncate@4.4.2: {}

  nanostores@1.5.3: {}

  pf@0.0.7:
    dependencies:
      date-fns: 4.4.0
      picocolors: 1.1.1
      smol-toml: 1.8.0
      table: 6.9.0

  picocolors@1.1.1: {}

  require-from-string@2.0.2: {}

  rou3@0.9.2: {}

  set-cookie-parser@3.1.2: {}

  slice-ansi@4.0.0:
    dependencies:
      ansi-styles: 4.3.0
      astral-regex: 2.0.0
      is-fullwidth-code-point: 3.0.0

  smol-toml@1.8.0: {}

  string-width@4.2.3:
    dependencies:
      emoji-regex: 8.0.0
      is-fullwidth-code-point: 3.0.0
      strip-ansi: 6.0.1

  strip-ansi@6.0.1:
    dependencies:
      ansi-regex: 5.0.1

  table@6.9.0:
    dependencies:
      ajv: 8.20.0
      lodash.truncate: 4.4.2
      slice-ansi: 4.0.0
      string-width: 4.2.3
      strip-ansi: 6.0.1

  zod@4.5.4: {}
